
Microsoft Visual Studio Solution File, Format Version 12.00
# Visual Studio Version 16
VisualStudioVersion = 16.0.28803.156
MinimumVisualStudioVersion = 10.0.40219.1
Project("{9A19103F-16F7-4668-BE54-9A1E7A4F7556}") = "WeRentCar123.Context", "WeRentCar123.Context\WeRentCar123.Context.csproj", "{CAC97FAA-DC1C-4E1E-A0EE-AD3A62E832E7}"
EndProject
Project("{9A19103F-16F7-4668-BE54-9A1E7A4F7556}") = "WeRentCar123.Models", "WeRentCar123.Models\WeRentCar123.Models.csproj", "{E7FDB9E7-72C2-44AB-98D1-AEF66D59EDB1}"
EndProject
Project("{9A19103F-16F7-4668-BE54-9A1E7A4F7556}") = "WeRentCar123", "WeRentCar123\WeRentCar123.csproj", "{B4A3C25B-F46B-47BF-A940-B4B1116C8EBB}"
EndProject
Project("{FAE04EC0-301F-11D3-BF4B-00C04F79EFBC}") = "ReportService", "ReportService\ReportService.csproj", "{095DDFB4-9C0C-4933-B46C-E9D07AD2596F}"
EndProject
Global
	GlobalSection(SolutionConfigurationPlatforms) = preSolution
		Debug|Any CPU = Debug|Any CPU
		Release|Any CPU = Release|Any CPU
	EndGlobalSection
	GlobalSection(ProjectConfigurationPlatforms) = postSolution
		{CAC97FAA-DC1C-4E1E-A0EE-AD3A62E832E7}.Debug|Any CPU.ActiveCfg = Debug|Any CPU
		{CAC97FAA-DC1C-4E1E-A0EE-AD3A62E832E7}.Debug|Any CPU.Build.0 = Debug|Any CPU
		{CAC97FAA-DC1C-4E1E-A0EE-AD3A62E832E7}.Release|Any CPU.ActiveCfg = Release|Any CPU
		{CAC97FAA-DC1C-4E1E-A0EE-AD3A62E832E7}.Release|Any CPU.Build.0 = Release|Any CPU
		{E7FDB9E7-72C2-44AB-98D1-AEF66D59EDB1}.Debug|Any CPU.ActiveCfg = Debug|Any CPU
		{E7FDB9E7-72C2-44AB-98D1-AEF66D59EDB1}.Debug|Any CPU.Build.0 = Debug|Any CPU
		{E7FDB9E7-72C2-44AB-98D1-AEF66D59EDB1}.Release|Any CPU.ActiveCfg = Release|Any CPU
		{E7FDB9E7-72C2-44AB-98D1-AEF66D59EDB1}.Release|Any CPU.Build.0 = Release|Any CPU
		{B4A3C25B-F46B-47BF-A940-B4B1116C8EBB}.Debug|Any CPU.ActiveCfg = Debug|Any CPU
		{B4A3C25B-F46B-47BF-A940-B4B1116C8EBB}.Debug|Any CPU.Build.0 = Debug|Any CPU
		{B4A3C25B-F46B-47BF-A940-B4B1116C8EBB}.Release|Any CPU.ActiveCfg = Release|Any CPU
		{B4A3C25B-F46B-47BF-A940-B4B1116C8EBB}.Release|Any CPU.Build.0 = Release|Any CPU
		{095DDFB4-9C0C-4933-B46C-E9D07AD2596F}.Debug|Any CPU.ActiveCfg = Debug|Any CPU
		{095DDFB4-9C0C-4933-B46C-E9D07AD2596F}.Debug|Any CPU.Build.0 = Debug|Any CPU
		{095DDFB4-9C0C-4933-B46C-E9D07AD2596F}.Release|Any CPU.ActiveCfg = Release|Any CPU
		{095DDFB4-9C0C-4933-B46C-E9D07AD2596F}.Release|Any CPU.Build.0 = Release|Any CPU
	EndGlobalSection
	GlobalSection(SolutionProperties) = preSolution
		HideSolutionNode = FALSE
	EndGlobalSection
	GlobalSection(ExtensibilityGlobals) = postSolution
		SolutionGuid = {2F5669E4-5A31-4921-86CA-5031BFED85E2}
	EndGlobalSection
EndGlobal
